
Microsoft Visual Studio Solution File, Format Version 12.00
# Visual Studio Version 17
VisualStudioVersion = 17.8.34330.188
MinimumVisualStudioVersion = 10.0.40219.1
Project("{FAE04EC0-301F-11D3-BF4B-00C04F79EFBC}") = "SMEProject", "SMEProject\SMEProject.csproj", "{53C77181-85CF-4DDF-83DF-94E7960077E1}"
EndProject
Global
	GlobalSection(SolutionConfigurationPlatforms) = preSolution
		Debug|Any CPU = Debug|Any CPU
		Release|Any CPU = Release|Any CPU
	EndGlobalSection
	GlobalSection(ProjectConfigurationPlatforms) = postSolution
		{53C77181-85CF-4DDF-83DF-94E7960077E1}.Debug|Any CPU.ActiveCfg = Debug|Any CPU
		{53C77181-85CF-4DDF-83DF-94E7960077E1}.Debug|Any CPU.Build.0 = Debug|Any CPU
		{53C77181-85CF-4DDF-83DF-94E7960077E1}.Release|Any CPU.ActiveCfg = Release|Any CPU
		{53C77181-85CF-4DDF-83DF-94E7960077E1}.Release|Any CPU.Build.0 = Release|Any CPU
	EndGlobalSection
	GlobalSection(SolutionProperties) = preSolution
		HideSolutionNode = FALSE
	EndGlobalSection
	GlobalSection(ExtensibilityGlobals) = postSolution
		SolutionGuid = {1987D193-9CDC-4882-A20E-EEEAD8EDC518}
	EndGlobalSection
EndGlobal
